
Microsoft Visual Studio Solution File, Format Version 12.00
# Visual Studio Version 16
VisualStudioVersion = 16.0.28721.148
MinimumVisualStudioVersion = 10.0.40219.1
Project("{FAE04EC0-301F-11D3-BF4B-00C04F79EFBC}") = "TreintijdenApi", "TreintijdenApi\TreintijdenApi.csproj", "{B3C3C034-C5EF-4C77-BF95-D23F827AFC10}"
EndProject
Project("{FAE04EC0-301F-11D3-BF4B-00C04F79EFBC}") = "TreintijdenApi.Sample", "TreintijdenApi.Sample\TreintijdenApi.Sample.csproj", "{484436EB-3243-41B3-A8C1-FDD98C418C15}"
EndProject
Global
	GlobalSection(SolutionConfigurationPlatforms) = preSolution
		Debug|Any CPU = Debug|Any CPU
		Release|Any CPU = Release|Any CPU
	EndGlobalSection
	GlobalSection(ProjectConfigurationPlatforms) = postSolution
		{B3C3C034-C5EF-4C77-BF95-D23F827AFC10}.Debug|Any CPU.ActiveCfg = Debug|Any CPU
		{B3C3C034-C5EF-4C77-BF95-D23F827AFC10}.Debug|Any CPU.Build.0 = Debug|Any CPU
		{B3C3C034-C5EF-4C77-BF95-D23F827AFC10}.Release|Any CPU.ActiveCfg = Release|Any CPU
		{B3C3C034-C5EF-4C77-BF95-D23F827AFC10}.Release|Any CPU.Build.0 = Release|Any CPU
		{484436EB-3243-41B3-A8C1-FDD98C418C15}.Debug|Any CPU.ActiveCfg = Debug|Any CPU
		{484436EB-3243-41B3-A8C1-FDD98C418C15}.Debug|Any CPU.Build.0 = Debug|Any CPU
		{484436EB-3243-41B3-A8C1-FDD98C418C15}.Release|Any CPU.ActiveCfg = Release|Any CPU
		{484436EB-3243-41B3-A8C1-FDD98C418C15}.Release|Any CPU.Build.0 = Release|Any CPU
	EndGlobalSection
	GlobalSection(SolutionProperties) = preSolution
		HideSolutionNode = FALSE
	EndGlobalSection
	GlobalSection(ExtensibilityGlobals) = postSolution
		SolutionGuid = {CD9900C6-0985-4D18-A5D5-9B8E5D72B165}
	EndGlobalSection
EndGlobal
